
Microsoft Visual Studio Solution File, Format Version 12.00
# Visual Studio 15
Project("{FAE04EC0-301F-11D3-BF4B-00C04F79EFBC}") = "VuforiaScripts", "VuforiaScripts.csproj", "{2A2FD63E-3C71-30CA-B2AD-62E9CE924F3F}"
EndProject
Project("{FAE04EC0-301F-11D3-BF4B-00C04F79EFBC}") = "Assembly-CSharp", "Assembly-CSharp.csproj", "{DBA9F596-C654-C4B4-768E-C2F073B9272D}"
EndProject
Project("{FAE04EC0-301F-11D3-BF4B-00C04F79EFBC}") = "Assembly-CSharp-Editor", "Assembly-CSharp-Editor.csproj", "{364AE4FE-1021-6CA9-8049-FE28861B6A4D}"
EndProject
Project("{FAE04EC0-301F-11D3-BF4B-00C04F79EFBC}") = "VuforiaEditorScripts", "VuforiaEditorScripts.csproj", "{B1D27796-FEA0-5F83-40B0-395A65B9D2EE}"
EndProject
Project("{FAE04EC0-301F-11D3-BF4B-00C04F79EFBC}") = "VuforiaVersionCheckerScripts", "VuforiaVersionCheckerScripts.csproj", "{F87C5126-C8EE-0D0D-8D0D-901B61F5FB1D}"
EndProject
Project("{FAE04EC0-301F-11D3-BF4B-00C04F79EFBC}") = "VuforiaScripts.Player", "VuforiaScripts.Player.csproj", "{EE216D64-4A47-81A5-6E80-0BA93CED57B7}"
EndProject
Project("{FAE04EC0-301F-11D3-BF4B-00C04F79EFBC}") = "Unity.TextMeshPro.Player", "Unity.TextMeshPro.Player.csproj", "{F1CA471D-22AC-18A9-132D-9C670FF66678}"
EndProject
Project("{FAE04EC0-301F-11D3-BF4B-00C04F79EFBC}") = "Unity.Analytics.DataPrivacy.Player", "Unity.Analytics.DataPrivacy.Player.csproj", "{42411805-2A76-B786-50D5-240EEE2DE49C}"
EndProject
Project("{FAE04EC0-301F-11D3-BF4B-00C04F79EFBC}") = "Assembly-CSharp.Player", "Assembly-CSharp.Player.csproj", "{37CDCF3F-0389-B63F-5625-A1C74B87B5B7}"
EndProject
Global
	GlobalSection(SolutionConfigurationPlatforms) = preSolution
		Debug|Any CPU = Debug|Any CPU
		Release|Any CPU = Release|Any CPU
	EndGlobalSection
	GlobalSection(ProjectConfigurationPlatforms) = postSolution
		{2A2FD63E-3C71-30CA-B2AD-62E9CE924F3F}.Debug|Any CPU.ActiveCfg = Debug|Any CPU
		{2A2FD63E-3C71-30CA-B2AD-62E9CE924F3F}.Debug|Any CPU.Build.0 = Debug|Any CPU
		{2A2FD63E-3C71-30CA-B2AD-62E9CE924F3F}.Release|Any CPU.ActiveCfg = Release|Any CPU
		{2A2FD63E-3C71-30CA-B2AD-62E9CE924F3F}.Release|Any CPU.Build.0 = Release|Any CPU
		{DBA9F596-C654-C4B4-768E-C2F073B9272D}.Debug|Any CPU.ActiveCfg = Debug|Any CPU
		{DBA9F596-C654-C4B4-768E-C2F073B9272D}.Debug|Any CPU.Build.0 = Debug|Any CPU
		{DBA9F596-C654-C4B4-768E-C2F073B9272D}.Release|Any CPU.ActiveCfg = Release|Any CPU
		{DBA9F596-C654-C4B4-768E-C2F073B9272D}.Release|Any CPU.Build.0 = Release|Any CPU
		{364AE4FE-1021-6CA9-8049-FE28861B6A4D}.Debug|Any CPU.ActiveCfg = Debug|Any CPU
		{364AE4FE-1021-6CA9-8049-FE28861B6A4D}.Debug|Any CPU.Build.0 = Debug|Any CPU
		{364AE4FE-1021-6CA9-8049-FE28861B6A4D}.Release|Any CPU.ActiveCfg = Release|Any CPU
		{364AE4FE-1021-6CA9-8049-FE28861B6A4D}.Release|Any CPU.Build.0 = Release|Any CPU
		{B1D27796-FEA0-5F83-40B0-395A65B9D2EE}.Debug|Any CPU.ActiveCfg = Debug|Any CPU
		{B1D27796-FEA0-5F83-40B0-395A65B9D2EE}.Debug|Any CPU.Build.0 = Debug|Any CPU
		{B1D27796-FEA0-5F83-40B0-395A65B9D2EE}.Release|Any CPU.ActiveCfg = Release|Any CPU
		{B1D27796-FEA0-5F83-40B0-395A65B9D2EE}.Release|Any CPU.Build.0 = Release|Any CPU
		{F87C5126-C8EE-0D0D-8D0D-901B61F5FB1D}.Debug|Any CPU.ActiveCfg = Debug|Any CPU
		{F87C5126-C8EE-0D0D-8D0D-901B61F5FB1D}.Debug|Any CPU.Build.0 = Debug|Any CPU
		{F87C5126-C8EE-0D0D-8D0D-901B61F5FB1D}.Release|Any CPU.ActiveCfg = Release|Any CPU
		{F87C5126-C8EE-0D0D-8D0D-901B61F5FB1D}.Release|Any CPU.Build.0 = Release|Any CPU
		{EE216D64-4A47-81A5-6E80-0BA93CED57B7}.Debug|Any CPU.ActiveCfg = Debug|Any CPU
		{EE216D64-4A47-81A5-6E80-0BA93CED57B7}.Debug|Any CPU.Build.0 = Debug|Any CPU
		{EE216D64-4A47-81A5-6E80-0BA93CED57B7}.Release|Any CPU.ActiveCfg = Release|Any CPU
		{EE216D64-4A47-81A5-6E80-0BA93CED57B7}.Release|Any CPU.Build.0 = Release|Any CPU
		{F1CA471D-22AC-18A9-132D-9C670FF66678}.Debug|Any CPU.ActiveCfg = Debug|Any CPU
		{F1CA471D-22AC-18A9-132D-9C670FF66678}.Debug|Any CPU.Build.0 = Debug|Any CPU
		{F1CA471D-22AC-18A9-132D-9C670FF66678}.Release|Any CPU.ActiveCfg = Release|Any CPU
		{F1CA471D-22AC-18A9-132D-9C670FF66678}.Release|Any CPU.Build.0 = Release|Any CPU
		{42411805-2A76-B786-50D5-240EEE2DE49C}.Debug|Any CPU.ActiveCfg = Debug|Any CPU
		{42411805-2A76-B786-50D5-240EEE2DE49C}.Debug|Any CPU.Build.0 = Debug|Any CPU
		{42411805-2A76-B786-50D5-240EEE2DE49C}.Release|Any CPU.ActiveCfg = Release|Any CPU
		{42411805-2A76-B786-50D5-240EEE2DE49C}.Release|Any CPU.Build.0 = Release|Any CPU
		{37CDCF3F-0389-B63F-5625-A1C74B87B5B7}.Debug|Any CPU.ActiveCfg = Debug|Any CPU
		{37CDCF3F-0389-B63F-5625-A1C74B87B5B7}.Debug|Any CPU.Build.0 = Debug|Any CPU
		{37CDCF3F-0389-B63F-5625-A1C74B87B5B7}.Release|Any CPU.ActiveCfg = Release|Any CPU
		{37CDCF3F-0389-B63F-5625-A1C74B87B5B7}.Release|Any CPU.Build.0 = Release|Any CPU
	EndGlobalSection
	GlobalSection(SolutionProperties) = preSolution
		HideSolutionNode = FALSE
	EndGlobalSection
EndGlobal
